// !$*UTF8*$!
{
	archiveVersion = 1;
	classes = {
	};
	objectVersion = 51;
	objects = {

/* Begin PBXBuildFile section */
		8CD15985C354493D3A9C2D7D /* Pods_BELL.framework in Frameworks */ = {isa = PBXBuildFile; fileRef = 8556440705E5C15020EB5CA2 /* Pods_BELL.framework */; };
		B68556B3245E86FD00742344 /* AppDelegate.swift in Sources */ = {isa = PBXBuildFile; fileRef = B68556B2245E86FD00742344 /* AppDelegate.swift */; };
		B68556B5245E86FD00742344 /* SceneDelegate.swift in Sources */ = {isa = PBXBuildFile; fileRef = B68556B4245E86FD00742344 /* SceneDelegate.swift */; };
		B68556B7245E86FD00742344 /* ViewController.swift in Sources */ = {isa = PBXBuildFile; fileRef = B68556B6245E86FD00742344 /* ViewController.swift */; };
		B68556BA245E86FD00742344 /* Main.storyboard in Resources */ = {isa = PBXBuildFile; fileRef = B68556B8245E86FD00742344 /* Main.storyboard */; };
		B68556BC245E86FE00742344 /* Assets.xcassets in Resources */ = {isa = PBXBuildFile; fileRef = B68556BB245E86FE00742344 /* Assets.xcassets */; };
		B68556BF245E86FE00742344 /* LaunchScreen.storyboard in Resources */ = {isa = PBXBuildFile; fileRef = B68556BD245E86FE00742344 /* LaunchScreen.storyboard */; };
		B68556CA245F4C2600742344 /* ResponseString.swift in Sources */ = {isa = PBXBuildFile; fileRef = B68556C9245F4C2600742344 /* ResponseString.swift */; };
		B68556D0245F4CAB00742344 /* Color+Extensions.swift in Sources */ = {isa = PBXBuildFile; fileRef = B68556CF245F4CAB00742344 /* Color+Extensions.swift */; };
		B68556D2245F4CBA00742344 /* Models.swift in Sources */ = {isa = PBXBuildFile; fileRef = B68556D1245F4CBA00742344 /* Models.swift */; };
		B68556D4245F4D0700742344 /* AqiStoryBoard.storyboard in Resources */ = {isa = PBXBuildFile; fileRef = B68556D3245F4D0700742344 /* AqiStoryBoard.storyboard */; };
		B68556D6245F4D3200742344 /* MapStoryBoard.storyboard in Resources */ = {isa = PBXBuildFile; fileRef = B68556D5245F4D3200742344 /* MapStoryBoard.storyboard */; };
/* End PBXBuildFile section */

/* Begin PBXFileReference section */
		23E772BFD5D5F8BA11DC5A75 /* Pods-BELL.debug.xcconfig */ = {isa = PBXFileReference; includeInIndex = 1; lastKnownFileType = text.xcconfig; name = "Pods-BELL.debug.xcconfig"; path = "Target Support Files/Pods-BELL/Pods-BELL.debug.xcconfig"; sourceTree = "<group>"; };
		8556440705E5C15020EB5CA2 /* Pods_BELL.framework */ = {isa = PBXFileReference; explicitFileType = wrapper.framework; includeInIndex = 0; path = Pods_BELL.framework; sourceTree = BUILT_PRODUCTS_DIR; };
		B68556AF245E86FD00742344 /* BELL.app */ = {isa = PBXFileReference; explicitFileType = wrapper.application; includeInIndex = 0; path = BELL.app; sourceTree = BUILT_PRODUCTS_DIR; };
		B68556B2245E86FD00742344 /* AppDelegate.swift */ = {isa = PBXFileReference; lastKnownFileType = sourcecode.swift; path = AppDelegate.swift; sourceTree = "<group>"; };
		B68556B4245E86FD00742344 /* SceneDelegate.swift */ = {isa = PBXFileReference; lastKnownFileType = sourcecode.swift; path = SceneDelegate.swift; sourceTree = "<group>"; };
		B68556B6245E86FD00742344 /* ViewController.swift */ = {isa = PBXFileReference; lastKnownFileType = sourcecode.swift; path = ViewController.swift; sourceTree = "<group>"; };
		B68556B9245E86FD00742344 /* Base */ = {isa = PBXFileReference; lastKnownFileType = file.storyboard; name = Base; path = Base.lproj/Main.storyboard; sourceTree = "<group>"; };
		B68556BB245E86FE00742344 /* Assets.xcassets */ = {isa = PBXFileReference; lastKnownFileType = folder.assetcatalog; path = Assets.xcassets; sourceTree = "<group>"; };
		B68556BE245E86FE00742344 /* Base */ = {isa = PBXFileReference; lastKnownFileType = file.storyboard; name = Base; path = Base.lproj/LaunchScreen.storyboard; sourceTree = "<group>"; };
		B68556C0245E86FE00742344 /* Info.plist */ = {isa = PBXFileReference; lastKnownFileType = text.plist.xml; path = Info.plist; sourceTree = "<group>"; };
		B68556C9245F4C2600742344 /* ResponseString.swift */ = {isa = PBXFileReference; lastKnownFileType = sourcecode.swift; path = ResponseString.swift; sourceTree = "<group>"; };
		B68556CF245F4CAB00742344 /* Color+Extensions.swift */ = {isa = PBXFileReference; lastKnownFileType = sourcecode.swift; path = "Color+Extensions.swift"; sourceTree = "<group>"; };
		B68556D1245F4CBA00742344 /* Models.swift */ = {isa = PBXFileReference; lastKnownFileType = sourcecode.swift; path = Models.swift; sourceTree = "<group>"; };
		B68556D3245F4D0700742344 /* AqiStoryBoard.storyboard */ = {isa = PBXFileReference; lastKnownFileType = file.storyboard; path = AqiStoryBoard.storyboard; sourceTree = "<group>"; };
		B68556D5245F4D3200742344 /* MapStoryBoard.storyboard */ = {isa = PBXFileReference; lastKnownFileType = file.storyboard; path = MapStoryBoard.storyboard; sourceTree = "<group>"; };
		B6A26B94F1781B85799ABC04 /* Pods-BELL.release.xcconfig */ = {isa = PBXFileReference; includeInIndex = 1; lastKnownFileType = text.xcconfig; name = "Pods-BELL.release.xcconfig"; path = "Target Support Files/Pods-BELL/Pods-BELL.release.xcconfig"; sourceTree = "<group>"; };
/* End PBXFileReference section */

/* Begin PBXFrameworksBuildPhase section */
		B68556AC245E86FD00742344 /* Frameworks */ = {
			isa = PBXFrameworksBuildPhase;
			buildActionMask = 2147483647;
			files = (
				8CD15985C354493D3A9C2D7D /* Pods_BELL.framework in Frameworks */,
			);
			runOnlyForDeploymentPostprocessing = 0;
		};
/* End PBXFrameworksBuildPhase section */

/* Begin PBXGroup section */
		5786FE0B857FD93866D6D3B1 /* Frameworks */ = {
			isa = PBXGroup;
			children = (
				8556440705E5C15020EB5CA2 /* Pods_BELL.framework */,
			);
			name = Frameworks;
			sourceTree = "<group>";
		};
		B68556A6245E86FD00742344 = {
			isa = PBXGroup;
			children = (
				B68556B1245E86FD00742344 /* BELL */,
				B68556B0245E86FD00742344 /* Products */,
				B93385885D3763B81D441359 /* Pods */,
				5786FE0B857FD93866D6D3B1 /* Frameworks */,
			);
			sourceTree = "<group>";
		};
		B68556B0245E86FD00742344 /* Products */ = {
			isa = PBXGroup;
			children = (
				B68556AF245E86FD00742344 /* BELL.app */,
			);
			name = Products;
			sourceTree = "<group>";
		};
		B68556B1245E86FD00742344 /* BELL */ = {
			isa = PBXGroup;
			children = (
				B68556C6245F4BFA00742344 /* Resources */,
				B68556CB245F4C4F00742344 /* Sources */,
				B68556B2245E86FD00742344 /* AppDelegate.swift */,
				B68556B4245E86FD00742344 /* SceneDelegate.swift */,
				B68556C0245E86FE00742344 /* Info.plist */,
			);
			path = BELL;
			sourceTree = "<group>";
		};
		B68556C6245F4BFA00742344 /* Resources */ = {
			isa = PBXGroup;
			children = (
				B68556C7245F4C0300742344 /* APIService */,
				B68556C8245F4C0B00742344 /* StoryBoards */,
				B68556BB245E86FE00742344 /* Assets.xcassets */,
			);
			path = Resources;
			sourceTree = "<group>";
		};
		B68556C7245F4C0300742344 /* APIService */ = {
			isa = PBXGroup;
			children = (
				B68556C9245F4C2600742344 /* ResponseString.swift */,
			);
			path = APIService;
			sourceTree = "<group>";
		};
		B68556C8245F4C0B00742344 /* StoryBoards */ = {
			isa = PBXGroup;
			children = (
				B68556B8245E86FD00742344 /* Main.storyboard */,
				B68556BD245E86FE00742344 /* LaunchScreen.storyboard */,
				B68556D3245F4D0700742344 /* AqiStoryBoard.storyboard */,
				B68556D5245F4D3200742344 /* MapStoryBoard.storyboard */,
			);
			path = StoryBoards;
			sourceTree = "<group>";
		};
		B68556CB245F4C4F00742344 /* Sources */ = {
			isa = PBXGroup;
			children = (
				B68556CE245F4C7500742344 /* ViewControllers */,
				B68556CD245F4C6500742344 /* Extensions */,
				B68556CC245F4C5F00742344 /* Models */,
			);
			path = Sources;
			sourceTree = "<group>";
		};
		B68556CC245F4C5F00742344 /* Models */ = {
			isa = PBXGroup;
			children = (
				B68556D1245F4CBA00742344 /* Models.swift */,
			);
			path = Models;
			sourceTree = "<group>";
		};
		B68556CD245F4C6500742344 /* Extensions */ = {
			isa = PBXGroup;
			children = (
				B68556CF245F4CAB00742344 /* Color+Extensions.swift */,
			);
			path = Extensions;
			sourceTree = "<group>";
		};
		B68556CE245F4C7500742344 /* ViewControllers */ = {
			isa = PBXGroup;
			children = (
				B68556B6245E86FD00742344 /* ViewController.swift */,
			);
			path = ViewControllers;
			sourceTree = "<group>";
		};
		B93385885D3763B81D441359 /* Pods */ = {
			isa = PBXGroup;
			children = (
				23E772BFD5D5F8BA11DC5A75 /* Pods-BELL.debug.xcconfig */,
				B6A26B94F1781B85799ABC04 /* Pods-BELL.release.xcconfig */,
			);
			path = Pods;
			sourceTree = "<group>";
		};
/* End PBXGroup section */

/* Begin PBXNativeTarget section */
		B68556AE245E86FD00742344 /* BELL */ = {
			isa = PBXNativeTarget;
			buildConfigurationList = B68556C3245E86FE00742344 /* Build configuration list for PBXNativeTarget "BELL" */;
			buildPhases = (
				EE4D16A6A665D1FF35F73DEB /* [CP] Check Pods Manifest.lock */,
				B68556AB245E86FD00742344 /* Sources */,
				B68556AC245E86FD00742344 /* Frameworks */,
				B68556AD245E86FD00742344 /* Resources */,
				2FF2B0D93C4C1A810853C486 /* [CP] Embed Pods Frameworks */,
			);
			buildRules = (
			);
			dependencies = (
			);
			name = BELL;
			productName = BELL;
			productReference = B68556AF245E86FD00742344 /* BELL.app */;
			productType = "com.apple.product-type.application";
		};
/* End PBXNativeTarget section */

/* Begin PBXProject section */
		B68556A7245E86FD00742344 /* Project object */ = {
			isa = PBXProject;
			attributes = {
				LastSwiftUpdateCheck = 1130;
				LastUpgradeCheck = 1130;
				ORGANIZATIONNAME = "최은지";
				TargetAttributes = {
					B68556AE245E86FD00742344 = {
						CreatedOnToolsVersion = 11.3.1;
					};
				};
			};
			buildConfigurationList = B68556AA245E86FD00742344 /* Build configuration list for PBXProject "BELL" */;
			compatibilityVersion = "Xcode 9.3";
			developmentRegion = en;
			hasScannedForEncodings = 0;
			knownRegions = (
				en,
				Base,
			);
			mainGroup = B68556A6245E86FD00742344;
			productRefGroup = B68556B0245E86FD00742344 /* Products */;
			projectDirPath = "";
			projectRoot = "";
			targets = (
				B68556AE245E86FD00742344 /* BELL */,
			);
		};
/* End PBXProject section */

/* Begin PBXResourcesBuildPhase section */
		B68556AD245E86FD00742344 /* Resources */ = {
			isa = PBXResourcesBuildPhase;
			buildActionMask = 2147483647;
			files = (
				B68556BF245E86FE00742344 /* LaunchScreen.storyboard in Resources */,
				B68556BC245E86FE00742344 /* Assets.xcassets in Resources */,
				B68556BA245E86FD00742344 /* Main.storyboard in Resources */,
				B68556D6245F4D3200742344 /* MapStoryBoard.storyboard in Resources */,
				B68556D4245F4D0700742344 /* AqiStoryBoard.storyboard in Resources */,
			);
			runOnlyForDeploymentPostprocessing = 0;
		};
/* End PBXResourcesBuildPhase section */

/* Begin PBXShellScriptBuildPhase section */
		2FF2B0D93C4C1A810853C486 /* [CP] Embed Pods Frameworks */ = {
			isa = PBXShellScriptBuildPhase;
			buildActionMask = 2147483647;
			files = (
			);
			inputFileListPaths = (
				"${PODS_ROOT}/Target Support Files/Pods-BELL/Pods-BELL-frameworks-${CONFIGURATION}-input-files.xcfilelist",
			);
			name = "[CP] Embed Pods Frameworks";
			outputFileListPaths = (
				"${PODS_ROOT}/Target Support Files/Pods-BELL/Pods-BELL-frameworks-${CONFIGURATION}-output-files.xcfilelist",
			);
			runOnlyForDeploymentPostprocessing = 0;
			shellPath = /bin/sh;
			shellScript = "\"${PODS_ROOT}/Target Support Files/Pods-BELL/Pods-BELL-frameworks.sh\"\n";
			showEnvVarsInLog = 0;
		};
		EE4D16A6A665D1FF35F73DEB /* [CP] Check Pods Manifest.lock */ = {
			isa = PBXShellScriptBuildPhase;
			buildActionMask = 2147483647;
			files = (
			);
			inputFileListPaths = (
			);
			inputPaths = (
				"${PODS_PODFILE_DIR_PATH}/Podfile.lock",
				"${PODS_ROOT}/Manifest.lock",
			);
			name = "[CP] Check Pods Manifest.lock";
			outputFileListPaths = (
			);
			outputPaths = (
				"$(DERIVED_FILE_DIR)/Pods-BELL-checkManifestLockResult.txt",
			);
			runOnlyForDeploymentPostprocessing = 0;
			shellPath = /bin/sh;
			shellScript = "diff \"${PODS_PODFILE_DIR_PATH}/Podfile.lock\" \"${PODS_ROOT}/Manifest.lock\" > /dev/null\nif [ $? != 0 ] ; then\n    # print error to STDERR\n    echo \"error: The sandbox is not in sync with the Podfile.lock. Run 'pod install' or update your CocoaPods installation.\" >&2\n    exit 1\nfi\n# This output is used by Xcode 'outputs' to avoid re-running this script phase.\necho \"SUCCESS\" > \"${SCRIPT_OUTPUT_FILE_0}\"\n";
			showEnvVarsInLog = 0;
		};
/* End PBXShellScriptBuildPhase section */

/* Begin PBXSourcesBuildPhase section */
		B68556AB245E86FD00742344 /* Sources */ = {
			isa = PBXSourcesBuildPhase;
			buildActionMask = 2147483647;
			files = (
				B68556D0245F4CAB00742344 /* Color+Extensions.swift in Sources */,
				B68556B7245E86FD00742344 /* ViewController.swift in Sources */,
				B68556CA245F4C2600742344 /* ResponseString.swift in Sources */,
				B68556D2245F4CBA00742344 /* Models.swift in Sources */,
				B68556B3245E86FD00742344 /* AppDelegate.swift in Sources */,
				B68556B5245E86FD00742344 /* SceneDelegate.swift in Sources */,
			);
			runOnlyForDeploymentPostprocessing = 0;
		};
/* End PBXSourcesBuildPhase section */

/* Begin PBXVariantGroup section */
		B68556B8245E86FD00742344 /* Main.storyboard */ = {
			isa = PBXVariantGroup;
			children = (
				B68556B9245E86FD00742344 /* Base */,
			);
			name = Main.storyboard;
			sourceTree = "<group>";
		};
		B68556BD245E86FE00742344 /* LaunchScreen.storyboard */ = {
			isa = PBXVariantGroup;
			children = (
				B68556BE245E86FE00742344 /* Base */,
			);
			name = LaunchScreen.storyboard;
			sourceTree = "<group>";
		};
/* End PBXVariantGroup section */

/* Begin XCBuildConfiguration section */
		B68556C1245E86FE00742344 /* Debug */ = {
			isa = XCBuildConfiguration;
			buildSettings = {
				ALWAYS_SEARCH_USER_PATHS = NO;
				CLANG_ANALYZER_NONNULL = YES;
				CLANG_ANALYZER_NUMBER_OBJECT_CONVERSION = YES_AGGRESSIVE;
				CLANG_CXX_LANGUAGE_STANDARD = "gnu++14";
				CLANG_CXX_LIBRARY = "libc++";
				CLANG_ENABLE_MODULES = YES;
				CLANG_ENABLE_OBJC_ARC = YES;
				CLANG_ENABLE_OBJC_WEAK = YES;
				CLANG_WARN_BLOCK_CAPTURE_AUTORELEASING = YES;
				CLANG_WARN_BOOL_CONVERSION = YES;
				CLANG_WARN_COMMA = YES;
				CLANG_WARN_CONSTANT_CONVERSION = YES;
				CLANG_WARN_DEPRECATED_OBJC_IMPLEMENTATIONS = YES;
				CLANG_WARN_DIRECT_OBJC_ISA_USAGE = YES_ERROR;
				CLANG_WARN_DOCUMENTATION_COMMENTS = YES;
				CLANG_WARN_EMPTY_BODY = YES;
				CLANG_WARN_ENUM_CONVERSION = YES;
				CLANG_WARN_INFINITE_RECURSION = YES;
				CLANG_WARN_INT_CONVERSION = YES;
				CLANG_WARN_NON_LITERAL_NULL_CONVERSION = YES;
				CLANG_WARN_OBJC_IMPLICIT_RETAIN_SELF = YES;
				CLANG_WARN_OBJC_LITERAL_CONVERSION = YES;
				CLANG_WARN_OBJC_ROOT_CLASS = YES_ERROR;
				CLANG_WARN_RANGE_LOOP_ANALYSIS = YES;
				CLANG_WARN_STRICT_PROTOTYPES = YES;
				CLANG_WARN_SUSPICIOUS_MOVE = YES;
				CLANG_WARN_UNGUARDED_AVAILABILITY = YES_AGGRESSIVE;
				CLANG_WARN_UNREACHABLE_CODE = YES;
				CLANG_WARN__DUPLICATE_METHOD_MATCH = YES;
				COPY_PHASE_STRIP = NO;
				DEBUG_INFORMATION_FORMAT = dwarf;
				ENABLE_STRICT_OBJC_MSGSEND = YES;
				ENABLE_TESTABILITY = YES;
				GCC_C_LANGUAGE_STANDARD = gnu11;
				GCC_DYNAMIC_NO_PIC = NO;
				GCC_NO_COMMON_BLOCKS = YES;
				GCC_OPTIMIZATION_LEVEL = 0;
				GCC_PREPROCESSOR_DEFINITIONS = (
					"DEBUG=1",
					"$(inherited)",
				);
				GCC_WARN_64_TO_32_BIT_CONVERSION = YES;
				GCC_WARN_ABOUT_RETURN_TYPE = YES_ERROR;
				GCC_WARN_UNDECLARED_SELECTOR = YES;
				GCC_WARN_UNINITIALIZED_AUTOS = YES_AGGRESSIVE;
				GCC_WARN_UNUSED_FUNCTION = YES;
				GCC_WARN_UNUSED_VARIABLE = YES;
				IPHONEOS_DEPLOYMENT_TARGET = 13.2;
				MTL_ENABLE_DEBUG_INFO = INCLUDE_SOURCE;
				MTL_FAST_MATH = YES;
				ONLY_ACTIVE_ARCH = YES;
				SDKROOT = iphoneos;
				SWIFT_ACTIVE_COMPILATION_CONDITIONS = DEBUG;
				SWIFT_OPTIMIZATION_LEVEL = "-Onone";
			};
			name = Debug;
		};
		B68556C2245E86FE00742344 /* Release */ = {
			isa = XCBuildConfiguration;
			buildSettings = {
				ALWAYS_SEARCH_USER_PATHS = NO;
				CLANG_ANALYZER_NONNULL = YES;
				CLANG_ANALYZER_NUMBER_OBJECT_CONVERSION = YES_AGGRESSIVE;
				CLANG_CXX_LANGUAGE_STANDARD = "gnu++14";
				CLANG_CXX_LIBRARY = "libc++";
				CLANG_ENABLE_MODULES = YES;
				CLANG_ENABLE_OBJC_ARC = YES;
				CLANG_ENABLE_OBJC_WEAK = YES;
				CLANG_WARN_BLOCK_CAPTURE_AUTORELEASING = YES;
				CLANG_WARN_BOOL_CONVERSION = YES;
				CLANG_WARN_COMMA = YES;
				CLANG_WARN_CONSTANT_CONVERSION = YES;
				CLANG_WARN_DEPRECATED_OBJC_IMPLEMENTATIONS = YES;
				CLANG_WARN_DIRECT_OBJC_ISA_USAGE = YES_ERROR;
				CLANG_WARN_DOCUMENTATION_COMMENTS = YES;
				CLANG_WARN_EMPTY_BODY = YES;
				CLANG_WARN_ENUM_CONVERSION = YES;
				CLANG_WARN_INFINITE_RECURSION = YES;
				CLANG_WARN_INT_CONVERSION = YES;
				CLANG_WARN_NON_LITERAL_NULL_CONVERSION = YES;
				CLANG_WARN_OBJC_IMPLICIT_RETAIN_SELF = YES;
				CLANG_WARN_OBJC_LITERAL_CONVERSION = YES;
				CLANG_WARN_OBJC_ROOT_CLASS = YES_ERROR;
				CLANG_WARN_RANGE_LOOP_ANALYSIS = YES;
				CLANG_WARN_STRICT_PROTOTYPES = YES;
				CLANG_WARN_SUSPICIOUS_MOVE = YES;
				CLANG_WARN_UNGUARDED_AVAILABILITY = YES_AGGRESSIVE;
				CLANG_WARN_UNREACHABLE_CODE = YES;
				CLANG_WARN__DUPLICATE_METHOD_MATCH = YES;
				COPY_PHASE_STRIP = NO;
				DEBUG_INFORMATION_FORMAT = "dwarf-with-dsym";
				ENABLE_NS_ASSERTIONS = NO;
				ENABLE_STRICT_OBJC_MSGSEND = YES;
				GCC_C_LANGUAGE_STANDARD = gnu11;
				GCC_NO_COMMON_BLOCKS = YES;
				GCC_WARN_64_TO_32_BIT_CONVERSION = YES;
				GCC_WARN_ABOUT_RETURN_TYPE = YES_ERROR;
				GCC_WARN_UNDECLARED_SELECTOR = YES;
				GCC_WARN_UNINITIALIZED_AUTOS = YES_AGGRESSIVE;
				GCC_WARN_UNUSED_FUNCTION = YES;
				GCC_WARN_UNUSED_VARIABLE = YES;
				IPHONEOS_DEPLOYMENT_TARGET = 13.2;
				MTL_ENABLE_DEBUG_INFO = NO;
				MTL_FAST_MATH = YES;
				SDKROOT = iphoneos;
				SWIFT_COMPILATION_MODE = wholemodule;
				SWIFT_OPTIMIZATION_LEVEL = "-O";
				VALIDATE_PRODUCT = YES;
			};
			name = Release;
		};
		B68556C4245E86FE00742344 /* Debug */ = {
			isa = XCBuildConfiguration;
			baseConfigurationReference = 23E772BFD5D5F8BA11DC5A75 /* Pods-BELL.debug.xcconfig */;
			buildSettings = {
				ASSETCATALOG_COMPILER_APPICON_NAME = AppIcon;
				CODE_SIGN_STYLE = Automatic;
				INFOPLIST_FILE = BELL/Info.plist;
				LD_RUNPATH_SEARCH_PATHS = (
					"$(inherited)",
					"@executable_path/Frameworks",
				);
				PRODUCT_BUNDLE_IDENTIFIER = com.mj.BELL;
				PRODUCT_NAME = "$(TARGET_NAME)";
				SWIFT_VERSION = 5.0;
				TARGETED_DEVICE_FAMILY = "1,2";
			};
			name = Debug;
		};
		B68556C5245E86FE00742344 /* Release */ = {
			isa = XCBuildConfiguration;
			baseConfigurationReference = B6A26B94F1781B85799ABC04 /* Pods-BELL.release.xcconfig */;
			buildSettings = {
				ASSETCATALOG_COMPILER_APPICON_NAME = AppIcon;
				CODE_SIGN_STYLE = Automatic;
				INFOPLIST_FILE = BELL/Info.plist;
				LD_RUNPATH_SEARCH_PATHS = (
					"$(inherited)",
					"@executable_path/Frameworks",
				);
				PRODUCT_BUNDLE_IDENTIFIER = com.mj.BELL;
				PRODUCT_NAME = "$(TARGET_NAME)";
				SWIFT_VERSION = 5.0;
				TARGETED_DEVICE_FAMILY = "1,2";
			};
			name = Release;
		};
/* End XCBuildConfiguration section */

/* Begin XCConfigurationList section */
		B68556AA245E86FD00742344 /* Build configuration list for PBXProject "BELL" */ = {
			isa = XCConfigurationList;
			buildConfigurations = (
				B68556C1245E86FE00742344 /* Debug */,
				B68556C2245E86FE00742344 /* Release */,
			);
			defaultConfigurationIsVisible = 0;
			defaultConfigurationName = Release;
		};
		B68556C3245E86FE00742344 /* Build configuration list for PBXNativeTarget "BELL" */ = {
			isa = XCConfigurationList;
			buildConfigurations = (
				B68556C4245E86FE00742344 /* Debug */,
				B68556C5245E86FE00742344 /* Release */,
			);
			defaultConfigurationIsVisible = 0;
			defaultConfigurationName = Release;
		};
/* End XCConfigurationList section */
	};
	rootObject = B68556A7245E86FD00742344 /* Project object */;
}
